
Microsoft Visual Studio Solution File, Format Version 12.00
# Visual Studio Version 17
VisualStudioVersion = 17.6.33723.286
MinimumVisualStudioVersion = 10.0.40219.1
Project("{9A19103F-16F7-4668-BE54-9A1E7A4F7556}") = "SRP", "SRP.csproj", "{80378A67-FF80-4D20-B3AE-0CEBCFA60BCE}"
EndProject
Global
	GlobalSection(SolutionConfigurationPlatforms) = preSolution
		Debug|Any CPU = Debug|Any CPU
		Release|Any CPU = Release|Any CPU
	EndGlobalSection
	GlobalSection(ProjectConfigurationPlatforms) = postSolution
		{80378A67-FF80-4D20-B3AE-0CEBCFA60BCE}.Debug|Any CPU.ActiveCfg = Debug|Any CPU
		{80378A67-FF80-4D20-B3AE-0CEBCFA60BCE}.Debug|Any CPU.Build.0 = Debug|Any CPU
		{80378A67-FF80-4D20-B3AE-0CEBCFA60BCE}.Release|Any CPU.ActiveCfg = Release|Any CPU
		{80378A67-FF80-4D20-B3AE-0CEBCFA60BCE}.Release|Any CPU.Build.0 = Release|Any CPU
	EndGlobalSection
	GlobalSection(SolutionProperties) = preSolution
		HideSolutionNode = FALSE
	EndGlobalSection
	GlobalSection(ExtensibilityGlobals) = postSolution
		SolutionGuid = {72F89500-E661-4413-A9C7-C91FB86E3316}
	EndGlobalSection
EndGlobal
